
Microsoft Visual Studio Solution File, Format Version 12.00
# Visual Studio Version 17
VisualStudioVersion = 17.14.36717.8 d17.14
MinimumVisualStudioVersion = 10.0.40219.1
Project("{FAE04EC0-301F-11D3-BF4B-00C04F79EFBC}") = "ChatApp", "ChatApp\ChatApp.csproj", "{8F9CC500-0156-4282-9130-C2FEE2322F3B}"
EndProject
Global
	GlobalSection(SolutionConfigurationPlatforms) = preSolution
		Debug|Any CPU = Debug|Any CPU
		Release|Any CPU = Release|Any CPU
	EndGlobalSection
	GlobalSection(ProjectConfigurationPlatforms) = postSolution
		{8F9CC500-0156-4282-9130-C2FEE2322F3B}.Debug|Any CPU.ActiveCfg = Debug|Any CPU
		{8F9CC500-0156-4282-9130-C2FEE2322F3B}.Debug|Any CPU.Build.0 = Debug|Any CPU
		{8F9CC500-0156-4282-9130-C2FEE2322F3B}.Release|Any CPU.ActiveCfg = Release|Any CPU
		{8F9CC500-0156-4282-9130-C2FEE2322F3B}.Release|Any CPU.Build.0 = Release|Any CPU
	EndGlobalSection
	GlobalSection(SolutionProperties) = preSolution
		HideSolutionNode = FALSE
	EndGlobalSection
	GlobalSection(ExtensibilityGlobals) = postSolution
		SolutionGuid = {E6A1D123-9CD0-4524-9400-A436769B403C}
	EndGlobalSection
EndGlobal
